
Microsoft Visual Studio Solution File, Format Version 12.00
# Visual Studio Version 16
VisualStudioVersion = 16.0.810.20
MinimumVisualStudioVersion = 10.0.40219.1
Project("{FAE04EC0-301F-11D3-BF4B-00C04F79EFBC}") = "GoogleApp", "GoogleApp\GoogleApp.csproj", "{013191D4-160D-4EAD-A69C-22126B818902}"
EndProject
Global
	GlobalSection(SolutionConfigurationPlatforms) = preSolution
		Debug|anycpu = Debug|anycpu
		Release|anycpu = Release|anycpu
	EndGlobalSection
	GlobalSection(ProjectConfigurationPlatforms) = postSolution
		{013191D4-160D-4EAD-A69C-22126B818902}.Debug|anycpu.ActiveCfg = Debug|anycpu
		{013191D4-160D-4EAD-A69C-22126B818902}.Debug|anycpu.Build.0 = Debug|anycpu
		{013191D4-160D-4EAD-A69C-22126B818902}.Release|anycpu.ActiveCfg = Release|anycpu
		{013191D4-160D-4EAD-A69C-22126B818902}.Release|anycpu.Build.0 = Release|anycpu
	EndGlobalSection
	GlobalSection(SolutionProperties) = preSolution
		HideSolutionNode = FALSE
	EndGlobalSection
	GlobalSection(ExtensibilityGlobals) = postSolution
		SolutionGuid = {1BB7EFF3-CD6E-493E-9811-0A8B43059E2E}
	EndGlobalSection
EndGlobal
